
Microsoft Visual Studio Solution File, Format Version 12.00
# Visual Studio Version 16
VisualStudioVersion = 16.0.31205.134
MinimumVisualStudioVersion = 10.0.40219.1
Project("{FAE04EC0-301F-11D3-BF4B-00C04F79EFBC}") = "LaptevTask12", "LaptevTask12\LaptevTask12.csproj", "{29C35734-EFF8-48CC-B209-1C542A8EF7D5}"
EndProject
Global
	GlobalSection(SolutionConfigurationPlatforms) = preSolution
		Debug|Any CPU = Debug|Any CPU
		Release|Any CPU = Release|Any CPU
	EndGlobalSection
	GlobalSection(ProjectConfigurationPlatforms) = postSolution
		{29C35734-EFF8-48CC-B209-1C542A8EF7D5}.Debug|Any CPU.ActiveCfg = Debug|Any CPU
		{29C35734-EFF8-48CC-B209-1C542A8EF7D5}.Debug|Any CPU.Build.0 = Debug|Any CPU
		{29C35734-EFF8-48CC-B209-1C542A8EF7D5}.Release|Any CPU.ActiveCfg = Release|Any CPU
		{29C35734-EFF8-48CC-B209-1C542A8EF7D5}.Release|Any CPU.Build.0 = Release|Any CPU
	EndGlobalSection
	GlobalSection(SolutionProperties) = preSolution
		HideSolutionNode = FALSE
	EndGlobalSection
	GlobalSection(ExtensibilityGlobals) = postSolution
		SolutionGuid = {5AF5DAA9-F375-4F54-9985-C9280CF2EA4A}
	EndGlobalSection
EndGlobal
